
Microsoft Visual Studio Solution File, Format Version 12.00
# Visual Studio Version 17
VisualStudioVersion = 17.12.35527.113 d17.12
MinimumVisualStudioVersion = 10.0.40219.1
Project("{FAE04EC0-301F-11D3-BF4B-00C04F79EFBC}") = "ConsoleUI", "ConsoleUI\ConsoleUI.csproj", "{706230B6-4F18-4878-B581-DD10C0B4E47C}"
EndProject
Project("{FAE04EC0-301F-11D3-BF4B-00C04F79EFBC}") = "HWDebug", "HWDebug\HWDebug.csproj", "{AE8DAAC3-B64B-4832-ACAD-B664EED28F8A}"
EndProject
Global
	GlobalSection(SolutionConfigurationPlatforms) = preSolution
		Debug|Any CPU = Debug|Any CPU
		Release|Any CPU = Release|Any CPU
	EndGlobalSection
	GlobalSection(ProjectConfigurationPlatforms) = postSolution
		{706230B6-4F18-4878-B581-DD10C0B4E47C}.Debug|Any CPU.ActiveCfg = Debug|Any CPU
		{706230B6-4F18-4878-B581-DD10C0B4E47C}.Debug|Any CPU.Build.0 = Debug|Any CPU
		{706230B6-4F18-4878-B581-DD10C0B4E47C}.Release|Any CPU.ActiveCfg = Release|Any CPU
		{706230B6-4F18-4878-B581-DD10C0B4E47C}.Release|Any CPU.Build.0 = Release|Any CPU
		{AE8DAAC3-B64B-4832-ACAD-B664EED28F8A}.Debug|Any CPU.ActiveCfg = Debug|Any CPU
		{AE8DAAC3-B64B-4832-ACAD-B664EED28F8A}.Debug|Any CPU.Build.0 = Debug|Any CPU
		{AE8DAAC3-B64B-4832-ACAD-B664EED28F8A}.Release|Any CPU.ActiveCfg = Release|Any CPU
		{AE8DAAC3-B64B-4832-ACAD-B664EED28F8A}.Release|Any CPU.Build.0 = Release|Any CPU
	EndGlobalSection
	GlobalSection(SolutionProperties) = preSolution
		HideSolutionNode = FALSE
	EndGlobalSection
EndGlobal
